
Microsoft Visual Studio Solution File, Format Version 12.00
Project("{FAE04EC0-301F-11D3-BF4B-00C04F79EFBC}") = "TheoryOfDistributedSystemsAndParallelComputing_Lab4", "TheoryOfDistributedSystemsAndParallelComputing_Lab4.csproj", "{C316FB16-2A51-4615-A90C-7316483F0F8D}"
EndProject
Global
	GlobalSection(SolutionConfigurationPlatforms) = preSolution
		Debug|Any CPU = Debug|Any CPU
		Release|Any CPU = Release|Any CPU
	EndGlobalSection
	GlobalSection(ProjectConfigurationPlatforms) = postSolution
		{C316FB16-2A51-4615-A90C-7316483F0F8D}.Debug|Any CPU.ActiveCfg = Debug|Any CPU
		{C316FB16-2A51-4615-A90C-7316483F0F8D}.Debug|Any CPU.Build.0 = Debug|Any CPU
		{C316FB16-2A51-4615-A90C-7316483F0F8D}.Release|Any CPU.ActiveCfg = Release|Any CPU
		{C316FB16-2A51-4615-A90C-7316483F0F8D}.Release|Any CPU.Build.0 = Release|Any CPU
	EndGlobalSection
EndGlobal
